# This file is automatically @generated by Cargo.
# It is not intended for manual editing.
version = 4

[[package]]
name = "molten"
version = "0.0.1"

[[package]]
name = "molten-api"
version = "0.0.1"

[[package]]
name = "molten-config"
version = "0.0.1"

[[package]]
name = "molten-core"
version = "0.0.1"

[[package]]
name = "molten-document"
version = "0.0.1"

[[package]]
name = "molten-service"
version = "0.0.1"

[[package]]
name = "molten-storage-seaorm"
version = "0.0.1"

[[package]]
name = "molten-workflow"
version = "0.0.1"
